{
  "name": "simple-highlighter",
  "version": "1.0.0",
  "lockfileVersion": 2,
  "requires": true,
  "packages": {
    "": {
      "version": "1.0.0",
      "license": "MIT",
      "dependencies": {
        "@webcomponents/custom-elements": "^1.5.0"
      }
    },
    "node_modules/@webcomponents/custom-elements": {
      "version": "1.5.0",
      "resolved": "https://nexus.eurekacloud.io/repository/npm-public/@webcomponents/custom-elements/-/custom-elements-1.5.0.tgz",
      "integrity": "sha512-c+7jPQCs9h/BYVcZ2Kna/3tsl3A/9EyXfvWjp5RiTDm1OpTcbZaCa1z4RNcTe/hUtXaqn64JjNW1yrWT+rZ8gg==",
      "license": "BSD-3-Clause"
    }
  },
  "dependencies": {
    "@webcomponents/custom-elements": {
      "version": "1.5.0",
      "resolved": "https://nexus.eurekacloud.io/repository/npm-public/@webcomponents/custom-elements/-/custom-elements-1.5.0.tgz",
      "integrity": "sha512-c+7jPQCs9h/BYVcZ2Kna/3tsl3A/9EyXfvWjp5RiTDm1OpTcbZaCa1z4RNcTe/hUtXaqn64JjNW1yrWT+rZ8gg=="
    }
  }
}
